
Microsoft Visual Studio Solution File, Format Version 12.00
# Visual Studio Version 17
VisualStudioVersion = 17.1.32328.378
MinimumVisualStudioVersion = 10.0.40219.1
Project("{FAE04EC0-301F-11D3-BF4B-00C04F79EFBC}") = "QueryObjectPatternExamples", "QueryObjectPatternExamples.csproj", "{B1F00B5E-E108-4AF1-81FE-DCDC1750576A}"
EndProject
Global
	GlobalSection(SolutionConfigurationPlatforms) = preSolution
		Debug|Any CPU = Debug|Any CPU
		Release|Any CPU = Release|Any CPU
	EndGlobalSection
	GlobalSection(ProjectConfigurationPlatforms) = postSolution
		{B1F00B5E-E108-4AF1-81FE-DCDC1750576A}.Debug|Any CPU.ActiveCfg = Debug|Any CPU
		{B1F00B5E-E108-4AF1-81FE-DCDC1750576A}.Debug|Any CPU.Build.0 = Debug|Any CPU
		{B1F00B5E-E108-4AF1-81FE-DCDC1750576A}.Release|Any CPU.ActiveCfg = Release|Any CPU
		{B1F00B5E-E108-4AF1-81FE-DCDC1750576A}.Release|Any CPU.Build.0 = Release|Any CPU
	EndGlobalSection
	GlobalSection(SolutionProperties) = preSolution
		HideSolutionNode = FALSE
	EndGlobalSection
	GlobalSection(ExtensibilityGlobals) = postSolution
		SolutionGuid = {002600E1-165C-4715-BF57-40C74A76DABC}
	EndGlobalSection
EndGlobal
